
Microsoft Visual Studio Solution File, Format Version 12.00
# Visual Studio Version 17
VisualStudioVersion = 17.5.002.0
MinimumVisualStudioVersion = 10.0.40219.1
Project("{9A19103F-16F7-4668-BE54-9A1E7A4F7556}") = "Asynchronous Challenge", "Asynchronous Challenge.csproj", "{028BB0AA-BEDC-446B-BB05-170C9F834A06}"
EndProject
Global
	GlobalSection(SolutionConfigurationPlatforms) = preSolution
		Debug|Any CPU = Debug|Any CPU
		Release|Any CPU = Release|Any CPU
	EndGlobalSection
	GlobalSection(ProjectConfigurationPlatforms) = postSolution
		{028BB0AA-BEDC-446B-BB05-170C9F834A06}.Debug|Any CPU.ActiveCfg = Debug|Any CPU
		{028BB0AA-BEDC-446B-BB05-170C9F834A06}.Debug|Any CPU.Build.0 = Debug|Any CPU
		{028BB0AA-BEDC-446B-BB05-170C9F834A06}.Release|Any CPU.ActiveCfg = Release|Any CPU
		{028BB0AA-BEDC-446B-BB05-170C9F834A06}.Release|Any CPU.Build.0 = Release|Any CPU
	EndGlobalSection
	GlobalSection(SolutionProperties) = preSolution
		HideSolutionNode = FALSE
	EndGlobalSection
	GlobalSection(ExtensibilityGlobals) = postSolution
		SolutionGuid = {C454A426-AEA5-4DD9-B4C4-FA686C64B4BB}
	EndGlobalSection
EndGlobal
